
Microsoft Visual Studio Solution File, Format Version 12.00
# Visual Studio Version 17
VisualStudioVersion = 17.4.33213.308
MinimumVisualStudioVersion = 10.0.40219.1
Project("{9A19103F-16F7-4668-BE54-9A1E7A4F7556}") = "SWAPI-TOP-TRUMPSUI", "SWAPI-TOP-TRUMPSUI\SWAPI-TOP-TRUMPSUI.csproj", "{AC235C75-FC72-462D-AC61-3D6C76AE5711}"
EndProject
Project("{FAE04EC0-301F-11D3-BF4B-00C04F79EFBC}") = "SWAPITOPTRUMPSTests.xunit", "SWAPITOPTRUMPSTests.xunit\SWAPITOPTRUMPSTests.xunit.csproj", "{D2B11055-A0AC-4C98-A503-CB50CFBED15A}"
	ProjectSection(ProjectDependencies) = postProject
		{AC235C75-FC72-462D-AC61-3D6C76AE5711} = {AC235C75-FC72-462D-AC61-3D6C76AE5711}
	EndProjectSection
EndProject
Global
	GlobalSection(SolutionConfigurationPlatforms) = preSolution
		Debug|Any CPU = Debug|Any CPU
		Release|Any CPU = Release|Any CPU
	EndGlobalSection
	GlobalSection(ProjectConfigurationPlatforms) = postSolution
		{AC235C75-FC72-462D-AC61-3D6C76AE5711}.Debug|Any CPU.ActiveCfg = Debug|Any CPU
		{AC235C75-FC72-462D-AC61-3D6C76AE5711}.Debug|Any CPU.Build.0 = Debug|Any CPU
		{AC235C75-FC72-462D-AC61-3D6C76AE5711}.Release|Any CPU.ActiveCfg = Release|Any CPU
		{AC235C75-FC72-462D-AC61-3D6C76AE5711}.Release|Any CPU.Build.0 = Release|Any CPU
		{D2B11055-A0AC-4C98-A503-CB50CFBED15A}.Debug|Any CPU.ActiveCfg = Debug|Any CPU
		{D2B11055-A0AC-4C98-A503-CB50CFBED15A}.Debug|Any CPU.Build.0 = Debug|Any CPU
		{D2B11055-A0AC-4C98-A503-CB50CFBED15A}.Release|Any CPU.ActiveCfg = Release|Any CPU
		{D2B11055-A0AC-4C98-A503-CB50CFBED15A}.Release|Any CPU.Build.0 = Release|Any CPU
	EndGlobalSection
	GlobalSection(SolutionProperties) = preSolution
		HideSolutionNode = FALSE
	EndGlobalSection
	GlobalSection(ExtensibilityGlobals) = postSolution
		SolutionGuid = {F603618C-EF7F-4106-9BF3-CE8F1DE189B0}
	EndGlobalSection
EndGlobal
